// !$*UTF8*$!
{
	archiveVersion = 1;
	classes = {
	};
	objectVersion = 52;
	objects = {

/* Begin PBXBuildFile section */
		012A2B8526F0D0DD00E90DDD /* pizzabotTest.swift in Sources */ = {isa = PBXBuildFile; fileRef = 012A2B8426F0D0DD00E90DDD /* pizzabotTest.swift */; };
		012A2B8B26F0D11500E90DDD /* PizzaDeliveryBot.swift in Sources */ = {isa = PBXBuildFile; fileRef = 012A2B8A26F0D11500E90DDD /* PizzaDeliveryBot.swift */; };
		012A2B8D26F0D11A00E90DDD /* OrderService.swift in Sources */ = {isa = PBXBuildFile; fileRef = 012A2B8C26F0D11A00E90DDD /* OrderService.swift */; };
		012A2B8F26F0D12400E90DDD /* Location.swift in Sources */ = {isa = PBXBuildFile; fileRef = 012A2B8E26F0D12400E90DDD /* Location.swift */; };
		012A2B9126F0D12800E90DDD /* Constants.swift in Sources */ = {isa = PBXBuildFile; fileRef = 012A2B9026F0D12800E90DDD /* Constants.swift */; };
		012A2B9326F0D13C00E90DDD /* main.swift in Sources */ = {isa = PBXBuildFile; fileRef = 012A2B9226F0D13C00E90DDD /* main.swift */; };
		012A2B9626F0D17D00E90DDD /* ArgumentParser in Frameworks */ = {isa = PBXBuildFile; productRef = 012A2B9526F0D17D00E90DDD /* ArgumentParser */; };
		012A2B9726F0D2E000E90DDD /* OrderService.swift in Sources */ = {isa = PBXBuildFile; fileRef = 012A2B8C26F0D11A00E90DDD /* OrderService.swift */; };
		012A2B9826F0D2E400E90DDD /* Location.swift in Sources */ = {isa = PBXBuildFile; fileRef = 012A2B8E26F0D12400E90DDD /* Location.swift */; };
		012A2B9926F0D2FF00E90DDD /* PizzaDeliveryBot.swift in Sources */ = {isa = PBXBuildFile; fileRef = 012A2B8A26F0D11500E90DDD /* PizzaDeliveryBot.swift */; };
		012A2B9A26F0D30200E90DDD /* Constants.swift in Sources */ = {isa = PBXBuildFile; fileRef = 012A2B9026F0D12800E90DDD /* Constants.swift */; };
/* End PBXBuildFile section */

/* Begin PBXCopyFilesBuildPhase section */
		012A2B7226F0D0B800E90DDD /* CopyFiles */ = {
			isa = PBXCopyFilesBuildPhase;
			buildActionMask = 2147483647;
			dstPath = /usr/share/man/man1/;
			dstSubfolderSpec = 0;
			files = (
			);
			runOnlyForDeploymentPostprocessing = 1;
		};
/* End PBXCopyFilesBuildPhase section */

/* Begin PBXFileReference section */
		012A2B7426F0D0B800E90DDD /* pizzabot */ = {isa = PBXFileReference; explicitFileType = "compiled.mach-o.executable"; includeInIndex = 0; path = pizzabot; sourceTree = BUILT_PRODUCTS_DIR; };
		012A2B8226F0D0DD00E90DDD /* pizzabotTest.xctest */ = {isa = PBXFileReference; explicitFileType = wrapper.cfbundle; includeInIndex = 0; path = pizzabotTest.xctest; sourceTree = BUILT_PRODUCTS_DIR; };
		012A2B8426F0D0DD00E90DDD /* pizzabotTest.swift */ = {isa = PBXFileReference; lastKnownFileType = sourcecode.swift; path = pizzabotTest.swift; sourceTree = "<group>"; };
		012A2B8626F0D0DD00E90DDD /* Info.plist */ = {isa = PBXFileReference; lastKnownFileType = text.plist.xml; path = Info.plist; sourceTree = "<group>"; };
		012A2B8A26F0D11500E90DDD /* PizzaDeliveryBot.swift */ = {isa = PBXFileReference; fileEncoding = 4; lastKnownFileType = sourcecode.swift; path = PizzaDeliveryBot.swift; sourceTree = "<group>"; };
		012A2B8C26F0D11A00E90DDD /* OrderService.swift */ = {isa = PBXFileReference; fileEncoding = 4; lastKnownFileType = sourcecode.swift; path = OrderService.swift; sourceTree = "<group>"; };
		012A2B8E26F0D12400E90DDD /* Location.swift */ = {isa = PBXFileReference; fileEncoding = 4; lastKnownFileType = sourcecode.swift; path = Location.swift; sourceTree = "<group>"; };
		012A2B9026F0D12800E90DDD /* Constants.swift */ = {isa = PBXFileReference; fileEncoding = 4; lastKnownFileType = sourcecode.swift; path = Constants.swift; sourceTree = "<group>"; };
		012A2B9226F0D13C00E90DDD /* main.swift */ = {isa = PBXFileReference; fileEncoding = 4; lastKnownFileType = sourcecode.swift; path = main.swift; sourceTree = "<group>"; };
/* End PBXFileReference section */

/* Begin PBXFrameworksBuildPhase section */
		012A2B7126F0D0B800E90DDD /* Frameworks */ = {
			isa = PBXFrameworksBuildPhase;
			buildActionMask = 2147483647;
			files = (
				012A2B9626F0D17D00E90DDD /* ArgumentParser in Frameworks */,
			);
			runOnlyForDeploymentPostprocessing = 0;
		};
		012A2B7F26F0D0DD00E90DDD /* Frameworks */ = {
			isa = PBXFrameworksBuildPhase;
			buildActionMask = 2147483647;
			files = (
			);
			runOnlyForDeploymentPostprocessing = 0;
		};
/* End PBXFrameworksBuildPhase section */

/* Begin PBXGroup section */
		012A2B6B26F0D0B800E90DDD = {
			isa = PBXGroup;
			children = (
				012A2B7626F0D0B800E90DDD /* pizzabot */,
				012A2B8326F0D0DD00E90DDD /* pizzabotTest */,
				012A2B7526F0D0B800E90DDD /* Products */,
			);
			sourceTree = "<group>";
		};
		012A2B7526F0D0B800E90DDD /* Products */ = {
			isa = PBXGroup;
			children = (
				012A2B7426F0D0B800E90DDD /* pizzabot */,
				012A2B8226F0D0DD00E90DDD /* pizzabotTest.xctest */,
			);
			name = Products;
			sourceTree = "<group>";
		};
		012A2B7626F0D0B800E90DDD /* pizzabot */ = {
			isa = PBXGroup;
			children = (
				012A2B8C26F0D11A00E90DDD /* OrderService.swift */,
				012A2B9026F0D12800E90DDD /* Constants.swift */,
				012A2B9226F0D13C00E90DDD /* main.swift */,
				012A2B8E26F0D12400E90DDD /* Location.swift */,
				012A2B8A26F0D11500E90DDD /* PizzaDeliveryBot.swift */,
			);
			path = pizzabot;
			sourceTree = "<group>";
		};
		012A2B8326F0D0DD00E90DDD /* pizzabotTest */ = {
			isa = PBXGroup;
			children = (
				012A2B8426F0D0DD00E90DDD /* pizzabotTest.swift */,
				012A2B8626F0D0DD00E90DDD /* Info.plist */,
			);
			path = pizzabotTest;
			sourceTree = "<group>";
		};
/* End PBXGroup section */

/* Begin PBXNativeTarget section */
		012A2B7326F0D0B800E90DDD /* pizzabot */ = {
			isa = PBXNativeTarget;
			buildConfigurationList = 012A2B7B26F0D0B800E90DDD /* Build configuration list for PBXNativeTarget "pizzabot" */;
			buildPhases = (
				012A2B7026F0D0B800E90DDD /* Sources */,
				012A2B7126F0D0B800E90DDD /* Frameworks */,
				012A2B7226F0D0B800E90DDD /* CopyFiles */,
			);
			buildRules = (
			);
			dependencies = (
			);
			name = pizzabot;
			packageProductDependencies = (
				012A2B9526F0D17D00E90DDD /* ArgumentParser */,
			);
			productName = pizzabot;
			productReference = 012A2B7426F0D0B800E90DDD /* pizzabot */;
			productType = "com.apple.product-type.tool";
		};
		012A2B8126F0D0DD00E90DDD /* pizzabotTest */ = {
			isa = PBXNativeTarget;
			buildConfigurationList = 012A2B8726F0D0DD00E90DDD /* Build configuration list for PBXNativeTarget "pizzabotTest" */;
			buildPhases = (
				012A2B7E26F0D0DD00E90DDD /* Sources */,
				012A2B7F26F0D0DD00E90DDD /* Frameworks */,
				012A2B8026F0D0DD00E90DDD /* Resources */,
			);
			buildRules = (
			);
			dependencies = (
			);
			name = pizzabotTest;
			productName = pizzabotTest;
			productReference = 012A2B8226F0D0DD00E90DDD /* pizzabotTest.xctest */;
			productType = "com.apple.product-type.bundle.unit-test";
		};
/* End PBXNativeTarget section */

/* Begin PBXProject section */
		012A2B6C26F0D0B800E90DDD /* Project object */ = {
			isa = PBXProject;
			attributes = {
				LastSwiftUpdateCheck = 1250;
				LastUpgradeCheck = 1250;
				TargetAttributes = {
					012A2B7326F0D0B800E90DDD = {
						CreatedOnToolsVersion = 12.5.1;
					};
					012A2B8126F0D0DD00E90DDD = {
						CreatedOnToolsVersion = 12.5.1;
					};
				};
			};
			buildConfigurationList = 012A2B6F26F0D0B800E90DDD /* Build configuration list for PBXProject "pizzabot" */;
			compatibilityVersion = "Xcode 9.3";
			developmentRegion = en;
			hasScannedForEncodings = 0;
			knownRegions = (
				en,
				Base,
			);
			mainGroup = 012A2B6B26F0D0B800E90DDD;
			packageReferences = (
				012A2B9426F0D17D00E90DDD /* XCRemoteSwiftPackageReference "swift-argument-parser" */,
			);
			productRefGroup = 012A2B7526F0D0B800E90DDD /* Products */;
			projectDirPath = "";
			projectRoot = "";
			targets = (
				012A2B7326F0D0B800E90DDD /* pizzabot */,
				012A2B8126F0D0DD00E90DDD /* pizzabotTest */,
			);
		};
/* End PBXProject section */

/* Begin PBXResourcesBuildPhase section */
		012A2B8026F0D0DD00E90DDD /* Resources */ = {
			isa = PBXResourcesBuildPhase;
			buildActionMask = 2147483647;
			files = (
			);
			runOnlyForDeploymentPostprocessing = 0;
		};
/* End PBXResourcesBuildPhase section */

/* Begin PBXSourcesBuildPhase section */
		012A2B7026F0D0B800E90DDD /* Sources */ = {
			isa = PBXSourcesBuildPhase;
			buildActionMask = 2147483647;
			files = (
				012A2B9126F0D12800E90DDD /* Constants.swift in Sources */,
				012A2B9326F0D13C00E90DDD /* main.swift in Sources */,
				012A2B8B26F0D11500E90DDD /* PizzaDeliveryBot.swift in Sources */,
				012A2B8F26F0D12400E90DDD /* Location.swift in Sources */,
				012A2B8D26F0D11A00E90DDD /* OrderService.swift in Sources */,
			);
			runOnlyForDeploymentPostprocessing = 0;
		};
		012A2B7E26F0D0DD00E90DDD /* Sources */ = {
			isa = PBXSourcesBuildPhase;
			buildActionMask = 2147483647;
			files = (
				012A2B9A26F0D30200E90DDD /* Constants.swift in Sources */,
				012A2B9926F0D2FF00E90DDD /* PizzaDeliveryBot.swift in Sources */,
				012A2B9826F0D2E400E90DDD /* Location.swift in Sources */,
				012A2B9726F0D2E000E90DDD /* OrderService.swift in Sources */,
				012A2B8526F0D0DD00E90DDD /* pizzabotTest.swift in Sources */,
			);
			runOnlyForDeploymentPostprocessing = 0;
		};
/* End PBXSourcesBuildPhase section */

/* Begin XCBuildConfiguration section */
		012A2B7926F0D0B800E90DDD /* Debug */ = {
			isa = XCBuildConfiguration;
			buildSettings = {
				ALWAYS_SEARCH_USER_PATHS = NO;
				CLANG_ANALYZER_NONNULL = YES;
				CLANG_ANALYZER_NUMBER_OBJECT_CONVERSION = YES_AGGRESSIVE;
				CLANG_CXX_LANGUAGE_STANDARD = "gnu++14";
				CLANG_CXX_LIBRARY = "libc++";
				CLANG_ENABLE_MODULES = YES;
				CLANG_ENABLE_OBJC_ARC = YES;
				CLANG_ENABLE_OBJC_WEAK = YES;
				CLANG_WARN_BLOCK_CAPTURE_AUTORELEASING = YES;
				CLANG_WARN_BOOL_CONVERSION = YES;
				CLANG_WARN_COMMA = YES;
				CLANG_WARN_CONSTANT_CONVERSION = YES;
				CLANG_WARN_DEPRECATED_OBJC_IMPLEMENTATIONS = YES;
				CLANG_WARN_DIRECT_OBJC_ISA_USAGE = YES_ERROR;
				CLANG_WARN_DOCUMENTATION_COMMENTS = YES;
				CLANG_WARN_EMPTY_BODY = YES;
				CLANG_WARN_ENUM_CONVERSION = YES;
				CLANG_WARN_INFINITE_RECURSION = YES;
				CLANG_WARN_INT_CONVERSION = YES;
				CLANG_WARN_NON_LITERAL_NULL_CONVERSION = YES;
				CLANG_WARN_OBJC_IMPLICIT_RETAIN_SELF = YES;
				CLANG_WARN_OBJC_LITERAL_CONVERSION = YES;
				CLANG_WARN_OBJC_ROOT_CLASS = YES_ERROR;
				CLANG_WARN_QUOTED_INCLUDE_IN_FRAMEWORK_HEADER = YES;
				CLANG_WARN_RANGE_LOOP_ANALYSIS = YES;
				CLANG_WARN_STRICT_PROTOTYPES = YES;
				CLANG_WARN_SUSPICIOUS_MOVE = YES;
				CLANG_WARN_UNGUARDED_AVAILABILITY = YES_AGGRESSIVE;
				CLANG_WARN_UNREACHABLE_CODE = YES;
				CLANG_WARN__DUPLICATE_METHOD_MATCH = YES;
				COPY_PHASE_STRIP = NO;
				DEBUG_INFORMATION_FORMAT = dwarf;
				ENABLE_STRICT_OBJC_MSGSEND = YES;
				ENABLE_TESTABILITY = YES;
				GCC_C_LANGUAGE_STANDARD = gnu11;
				GCC_DYNAMIC_NO_PIC = NO;
				GCC_NO_COMMON_BLOCKS = YES;
				GCC_OPTIMIZATION_LEVEL = 0;
				GCC_PREPROCESSOR_DEFINITIONS = (
					"DEBUG=1",
					"$(inherited)",
				);
				GCC_WARN_64_TO_32_BIT_CONVERSION = YES;
				GCC_WARN_ABOUT_RETURN_TYPE = YES_ERROR;
				GCC_WARN_UNDECLARED_SELECTOR = YES;
				GCC_WARN_UNINITIALIZED_AUTOS = YES_AGGRESSIVE;
				GCC_WARN_UNUSED_FUNCTION = YES;
				GCC_WARN_UNUSED_VARIABLE = YES;
				MACOSX_DEPLOYMENT_TARGET = 11.3;
				MTL_ENABLE_DEBUG_INFO = INCLUDE_SOURCE;
				MTL_FAST_MATH = YES;
				ONLY_ACTIVE_ARCH = YES;
				SDKROOT = macosx;
				SWIFT_ACTIVE_COMPILATION_CONDITIONS = DEBUG;
				SWIFT_OPTIMIZATION_LEVEL = "-Onone";
			};
			name = Debug;
		};
		012A2B7A26F0D0B800E90DDD /* Release */ = {
			isa = XCBuildConfiguration;
			buildSettings = {
				ALWAYS_SEARCH_USER_PATHS = NO;
				CLANG_ANALYZER_NONNULL = YES;
				CLANG_ANALYZER_NUMBER_OBJECT_CONVERSION = YES_AGGRESSIVE;
				CLANG_CXX_LANGUAGE_STANDARD = "gnu++14";
				CLANG_CXX_LIBRARY = "libc++";
				CLANG_ENABLE_MODULES = YES;
				CLANG_ENABLE_OBJC_ARC = YES;
				CLANG_ENABLE_OBJC_WEAK = YES;
				CLANG_WARN_BLOCK_CAPTURE_AUTORELEASING = YES;
				CLANG_WARN_BOOL_CONVERSION = YES;
				CLANG_WARN_COMMA = YES;
				CLANG_WARN_CONSTANT_CONVERSION = YES;
				CLANG_WARN_DEPRECATED_OBJC_IMPLEMENTATIONS = YES;
				CLANG_WARN_DIRECT_OBJC_ISA_USAGE = YES_ERROR;
				CLANG_WARN_DOCUMENTATION_COMMENTS = YES;
				CLANG_WARN_EMPTY_BODY = YES;
				CLANG_WARN_ENUM_CONVERSION = YES;
				CLANG_WARN_INFINITE_RECURSION = YES;
				CLANG_WARN_INT_CONVERSION = YES;
				CLANG_WARN_NON_LITERAL_NULL_CONVERSION = YES;
				CLANG_WARN_OBJC_IMPLICIT_RETAIN_SELF = YES;
				CLANG_WARN_OBJC_LITERAL_CONVERSION = YES;
				CLANG_WARN_OBJC_ROOT_CLASS = YES_ERROR;
				CLANG_WARN_QUOTED_INCLUDE_IN_FRAMEWORK_HEADER = YES;
				CLANG_WARN_RANGE_LOOP_ANALYSIS = YES;
				CLANG_WARN_STRICT_PROTOTYPES = YES;
				CLANG_WARN_SUSPICIOUS_MOVE = YES;
				CLANG_WARN_UNGUARDED_AVAILABILITY = YES_AGGRESSIVE;
				CLANG_WARN_UNREACHABLE_CODE = YES;
				CLANG_WARN__DUPLICATE_METHOD_MATCH = YES;
				COPY_PHASE_STRIP = NO;
				DEBUG_INFORMATION_FORMAT = "dwarf-with-dsym";
				ENABLE_NS_ASSERTIONS = NO;
				ENABLE_STRICT_OBJC_MSGSEND = YES;
				GCC_C_LANGUAGE_STANDARD = gnu11;
				GCC_NO_COMMON_BLOCKS = YES;
				GCC_WARN_64_TO_32_BIT_CONVERSION = YES;
				GCC_WARN_ABOUT_RETURN_TYPE = YES_ERROR;
				GCC_WARN_UNDECLARED_SELECTOR = YES;
				GCC_WARN_UNINITIALIZED_AUTOS = YES_AGGRESSIVE;
				GCC_WARN_UNUSED_FUNCTION = YES;
				GCC_WARN_UNUSED_VARIABLE = YES;
				MACOSX_DEPLOYMENT_TARGET = 11.3;
				MTL_ENABLE_DEBUG_INFO = NO;
				MTL_FAST_MATH = YES;
				SDKROOT = macosx;
				SWIFT_COMPILATION_MODE = wholemodule;
				SWIFT_OPTIMIZATION_LEVEL = "-O";
			};
			name = Release;
		};
		012A2B7C26F0D0B800E90DDD /* Debug */ = {
			isa = XCBuildConfiguration;
			buildSettings = {
				CODE_SIGN_STYLE = Automatic;
				DEVELOPMENT_TEAM = MVU938R64K;
				ENABLE_HARDENED_RUNTIME = YES;
				PRODUCT_NAME = "$(TARGET_NAME)";
				SWIFT_VERSION = 5.0;
			};
			name = Debug;
		};
		012A2B7D26F0D0B800E90DDD /* Release */ = {
			isa = XCBuildConfiguration;
			buildSettings = {
				CODE_SIGN_STYLE = Automatic;
				DEVELOPMENT_TEAM = MVU938R64K;
				ENABLE_HARDENED_RUNTIME = YES;
				PRODUCT_NAME = "$(TARGET_NAME)";
				SWIFT_VERSION = 5.0;
			};
			name = Release;
		};
		012A2B8826F0D0DD00E90DDD /* Debug */ = {
			isa = XCBuildConfiguration;
			buildSettings = {
				CODE_SIGN_STYLE = Automatic;
				COMBINE_HIDPI_IMAGES = YES;
				DEVELOPMENT_TEAM = MVU938R64K;
				INFOPLIST_FILE = pizzabotTest/Info.plist;
				LD_RUNPATH_SEARCH_PATHS = (
					"$(inherited)",
					"@executable_path/../Frameworks",
					"@loader_path/../Frameworks",
				);
				PRODUCT_BUNDLE_IDENTIFIER = com.pizzabotTest;
				PRODUCT_NAME = "$(TARGET_NAME)";
				SWIFT_VERSION = 5.0;
			};
			name = Debug;
		};
		012A2B8926F0D0DD00E90DDD /* Release */ = {
			isa = XCBuildConfiguration;
			buildSettings = {
				CODE_SIGN_STYLE = Automatic;
				COMBINE_HIDPI_IMAGES = YES;
				DEVELOPMENT_TEAM = MVU938R64K;
				INFOPLIST_FILE = pizzabotTest/Info.plist;
				LD_RUNPATH_SEARCH_PATHS = (
					"$(inherited)",
					"@executable_path/../Frameworks",
					"@loader_path/../Frameworks",
				);
				PRODUCT_BUNDLE_IDENTIFIER = com.pizzabotTest;
				PRODUCT_NAME = "$(TARGET_NAME)";
				SWIFT_VERSION = 5.0;
			};
			name = Release;
		};
/* End XCBuildConfiguration section */

/* Begin XCConfigurationList section */
		012A2B6F26F0D0B800E90DDD /* Build configuration list for PBXProject "pizzabot" */ = {
			isa = XCConfigurationList;
			buildConfigurations = (
				012A2B7926F0D0B800E90DDD /* Debug */,
				012A2B7A26F0D0B800E90DDD /* Release */,
			);
			defaultConfigurationIsVisible = 0;
			defaultConfigurationName = Release;
		};
		012A2B7B26F0D0B800E90DDD /* Build configuration list for PBXNativeTarget "pizzabot" */ = {
			isa = XCConfigurationList;
			buildConfigurations = (
				012A2B7C26F0D0B800E90DDD /* Debug */,
				012A2B7D26F0D0B800E90DDD /* Release */,
			);
			defaultConfigurationIsVisible = 0;
			defaultConfigurationName = Release;
		};
		012A2B8726F0D0DD00E90DDD /* Build configuration list for PBXNativeTarget "pizzabotTest" */ = {
			isa = XCConfigurationList;
			buildConfigurations = (
				012A2B8826F0D0DD00E90DDD /* Debug */,
				012A2B8926F0D0DD00E90DDD /* Release */,
			);
			defaultConfigurationIsVisible = 0;
			defaultConfigurationName = Release;
		};
/* End XCConfigurationList section */

/* Begin XCRemoteSwiftPackageReference section */
		012A2B9426F0D17D00E90DDD /* XCRemoteSwiftPackageReference "swift-argument-parser" */ = {
			isa = XCRemoteSwiftPackageReference;
			repositoryURL = "https://github.com/apple/swift-argument-parser";
			requirement = {
				kind = upToNextMajorVersion;
				minimumVersion = 1.0.0;
			};
		};
/* End XCRemoteSwiftPackageReference section */

/* Begin XCSwiftPackageProductDependency section */
		012A2B9526F0D17D00E90DDD /* ArgumentParser */ = {
			isa = XCSwiftPackageProductDependency;
			package = 012A2B9426F0D17D00E90DDD /* XCRemoteSwiftPackageReference "swift-argument-parser" */;
			productName = ArgumentParser;
		};
/* End XCSwiftPackageProductDependency section */
	};
	rootObject = 012A2B6C26F0D0B800E90DDD /* Project object */;
}
